
Microsoft Visual Studio Solution File, Format Version 12.00
# Visual Studio Version 16
VisualStudioVersion = 16.0.30413.136
MinimumVisualStudioVersion = 10.0.40219.1
Project("{FAE04EC0-301F-11D3-BF4B-00C04F79EFBC}") = "MedziagosKartojimas", "MedziagosKartojimas.csproj", "{6DFE82F9-52AC-4EF6-A622-57F1A1CD0934}"
EndProject
Global
	GlobalSection(SolutionConfigurationPlatforms) = preSolution
		Debug|Any CPU = Debug|Any CPU
		Release|Any CPU = Release|Any CPU
	EndGlobalSection
	GlobalSection(ProjectConfigurationPlatforms) = postSolution
		{6DFE82F9-52AC-4EF6-A622-57F1A1CD0934}.Debug|Any CPU.ActiveCfg = Debug|Any CPU
		{6DFE82F9-52AC-4EF6-A622-57F1A1CD0934}.Debug|Any CPU.Build.0 = Debug|Any CPU
		{6DFE82F9-52AC-4EF6-A622-57F1A1CD0934}.Release|Any CPU.ActiveCfg = Release|Any CPU
		{6DFE82F9-52AC-4EF6-A622-57F1A1CD0934}.Release|Any CPU.Build.0 = Release|Any CPU
	EndGlobalSection
	GlobalSection(SolutionProperties) = preSolution
		HideSolutionNode = FALSE
	EndGlobalSection
	GlobalSection(ExtensibilityGlobals) = postSolution
		SolutionGuid = {5F90AD0E-B99A-4D99-BC8D-F0E83FF98E5F}
	EndGlobalSection
EndGlobal
